
Microsoft Visual Studio Solution File, Format Version 12.00
# Visual Studio Version 16
VisualStudioVersion = 16.0.29519.87
MinimumVisualStudioVersion = 10.0.40219.1
Project("{FAE04EC0-301F-11D3-BF4B-00C04F79EFBC}") = "AlgoritmienVisualisointi", "AlgoritmienVisualisointi\AlgoritmienVisualisointi.csproj", "{8A59EF11-CF12-4A42-A8F4-EED0A2111FB7}"
EndProject
Global
	GlobalSection(SolutionConfigurationPlatforms) = preSolution
		Debug|Any CPU = Debug|Any CPU
		Release|Any CPU = Release|Any CPU
	EndGlobalSection
	GlobalSection(ProjectConfigurationPlatforms) = postSolution
		{8A59EF11-CF12-4A42-A8F4-EED0A2111FB7}.Debug|Any CPU.ActiveCfg = Debug|Any CPU
		{8A59EF11-CF12-4A42-A8F4-EED0A2111FB7}.Debug|Any CPU.Build.0 = Debug|Any CPU
		{8A59EF11-CF12-4A42-A8F4-EED0A2111FB7}.Release|Any CPU.ActiveCfg = Release|Any CPU
		{8A59EF11-CF12-4A42-A8F4-EED0A2111FB7}.Release|Any CPU.Build.0 = Release|Any CPU
	EndGlobalSection
	GlobalSection(SolutionProperties) = preSolution
		HideSolutionNode = FALSE
	EndGlobalSection
	GlobalSection(ExtensibilityGlobals) = postSolution
		SolutionGuid = {BEDBB520-853F-4EFC-BA25-DC1F8E81C635}
	EndGlobalSection
EndGlobal
